// !$*UTF8*$!
{
	archiveVersion = 1;
	classes = {
	};
	objectVersion = 50;
	objects = {

/* Begin PBXBuildFile section */
		5439A55B20C34BDA00585E10 /* AppDelegate.swift in Sources */ = {isa = PBXBuildFile; fileRef = 5439A55A20C34BDA00585E10 /* AppDelegate.swift */; };
		5439A55D20C34BDA00585E10 /* ViewController.swift in Sources */ = {isa = PBXBuildFile; fileRef = 5439A55C20C34BDA00585E10 /* ViewController.swift */; };
		5439A56020C34BDA00585E10 /* Main.storyboard in Resources */ = {isa = PBXBuildFile; fileRef = 5439A55E20C34BDA00585E10 /* Main.storyboard */; };
		5439A56320C34BDA00585E10 /* PenPal.xcdatamodeld in Sources */ = {isa = PBXBuildFile; fileRef = 5439A56120C34BDA00585E10 /* PenPal.xcdatamodeld */; };
		5439A56520C34BDB00585E10 /* Assets.xcassets in Resources */ = {isa = PBXBuildFile; fileRef = 5439A56420C34BDB00585E10 /* Assets.xcassets */; };
		5439A56820C34BDB00585E10 /* LaunchScreen.storyboard in Resources */ = {isa = PBXBuildFile; fileRef = 5439A56620C34BDB00585E10 /* LaunchScreen.storyboard */; };
/* End PBXBuildFile section */

/* Begin PBXFileReference section */
		5439A55720C34BDA00585E10 /* PenPal.app */ = {isa = PBXFileReference; explicitFileType = wrapper.application; includeInIndex = 0; path = PenPal.app; sourceTree = BUILT_PRODUCTS_DIR; };
		5439A55A20C34BDA00585E10 /* AppDelegate.swift */ = {isa = PBXFileReference; lastKnownFileType = sourcecode.swift; path = AppDelegate.swift; sourceTree = "<group>"; };
		5439A55C20C34BDA00585E10 /* ViewController.swift */ = {isa = PBXFileReference; lastKnownFileType = sourcecode.swift; path = ViewController.swift; sourceTree = "<group>"; };
		5439A55F20C34BDA00585E10 /* Base */ = {isa = PBXFileReference; lastKnownFileType = file.storyboard; name = Base; path = Base.lproj/Main.storyboard; sourceTree = "<group>"; };
		5439A56220C34BDA00585E10 /* PenPal.xcdatamodel */ = {isa = PBXFileReference; lastKnownFileType = wrapper.xcdatamodel; path = PenPal.xcdatamodel; sourceTree = "<group>"; };
		5439A56420C34BDB00585E10 /* Assets.xcassets */ = {isa = PBXFileReference; lastKnownFileType = folder.assetcatalog; path = Assets.xcassets; sourceTree = "<group>"; };
		5439A56720C34BDB00585E10 /* Base */ = {isa = PBXFileReference; lastKnownFileType = file.storyboard; name = Base; path = Base.lproj/LaunchScreen.storyboard; sourceTree = "<group>"; };
		5439A56920C34BDB00585E10 /* Info.plist */ = {isa = PBXFileReference; lastKnownFileType = text.plist.xml; path = Info.plist; sourceTree = "<group>"; };
/* End PBXFileReference section */

/* Begin PBXFrameworksBuildPhase section */
		5439A55420C34BDA00585E10 /* Frameworks */ = {
			isa = PBXFrameworksBuildPhase;
			buildActionMask = 2147483647;
			files = (
			);
			runOnlyForDeploymentPostprocessing = 0;
		};
/* End PBXFrameworksBuildPhase section */

/* Begin PBXGroup section */
		5439A54E20C34BDA00585E10 = {
			isa = PBXGroup;
			children = (
				5439A55920C34BDA00585E10 /* PenPal */,
				5439A55820C34BDA00585E10 /* Products */,
			);
			sourceTree = "<group>";
		};
		5439A55820C34BDA00585E10 /* Products */ = {
			isa = PBXGroup;
			children = (
				5439A55720C34BDA00585E10 /* PenPal.app */,
			);
			name = Products;
			sourceTree = "<group>";
		};
		5439A55920C34BDA00585E10 /* PenPal */ = {
			isa = PBXGroup;
			children = (
				5439A55A20C34BDA00585E10 /* AppDelegate.swift */,
				5439A55C20C34BDA00585E10 /* ViewController.swift */,
				5439A55E20C34BDA00585E10 /* Main.storyboard */,
				5439A56420C34BDB00585E10 /* Assets.xcassets */,
				5439A56620C34BDB00585E10 /* LaunchScreen.storyboard */,
				5439A56920C34BDB00585E10 /* Info.plist */,
				5439A56120C34BDA00585E10 /* PenPal.xcdatamodeld */,
			);
			path = PenPal;
			sourceTree = "<group>";
		};
/* End PBXGroup section */

/* Begin PBXNativeTarget section */
		5439A55620C34BDA00585E10 /* PenPal */ = {
			isa = PBXNativeTarget;
			buildConfigurationList = 5439A56C20C34BDB00585E10 /* Build configuration list for PBXNativeTarget "PenPal" */;
			buildPhases = (
				5439A55320C34BDA00585E10 /* Sources */,
				5439A55420C34BDA00585E10 /* Frameworks */,
				5439A55520C34BDA00585E10 /* Resources */,
			);
			buildRules = (
			);
			dependencies = (
			);
			name = PenPal;
			productName = PenPal;
			productReference = 5439A55720C34BDA00585E10 /* PenPal.app */;
			productType = "com.apple.product-type.application";
		};
/* End PBXNativeTarget section */

/* Begin PBXProject section */
		5439A54F20C34BDA00585E10 /* Project object */ = {
			isa = PBXProject;
			attributes = {
				LastSwiftUpdateCheck = 0940;
				LastUpgradeCheck = 0940;
				ORGANIZATIONNAME = "hu tsun hao";
				TargetAttributes = {
					5439A55620C34BDA00585E10 = {
						CreatedOnToolsVersion = 9.4;
					};
				};
			};
			buildConfigurationList = 5439A55220C34BDA00585E10 /* Build configuration list for PBXProject "PenPal" */;
			compatibilityVersion = "Xcode 9.3";
			developmentRegion = en;
			hasScannedForEncodings = 0;
			knownRegions = (
				en,
				Base,
			);
			mainGroup = 5439A54E20C34BDA00585E10;
			productRefGroup = 5439A55820C34BDA00585E10 /* Products */;
			projectDirPath = "";
			projectRoot = "";
			targets = (
				5439A55620C34BDA00585E10 /* PenPal */,
			);
		};
/* End PBXProject section */

/* Begin PBXResourcesBuildPhase section */
		5439A55520C34BDA00585E10 /* Resources */ = {
			isa = PBXResourcesBuildPhase;
			buildActionMask = 2147483647;
			files = (
				5439A56820C34BDB00585E10 /* LaunchScreen.storyboard in Resources */,
				5439A56520C34BDB00585E10 /* Assets.xcassets in Resources */,
				5439A56020C34BDA00585E10 /* Main.storyboard in Resources */,
			);
			runOnlyForDeploymentPostprocessing = 0;
		};
/* End PBXResourcesBuildPhase section */

/* Begin PBXSourcesBuildPhase section */
		5439A55320C34BDA00585E10 /* Sources */ = {
			isa = PBXSourcesBuildPhase;
			buildActionMask = 2147483647;
			files = (
				5439A56320C34BDA00585E10 /* PenPal.xcdatamodeld in Sources */,
				5439A55D20C34BDA00585E10 /* ViewController.swift in Sources */,
				5439A55B20C34BDA00585E10 /* AppDelegate.swift in Sources */,
			);
			runOnlyForDeploymentPostprocessing = 0;
		};
/* End PBXSourcesBuildPhase section */

/* Begin PBXVariantGroup section */
		5439A55E20C34BDA00585E10 /* Main.storyboard */ = {
			isa = PBXVariantGroup;
			children = (
				5439A55F20C34BDA00585E10 /* Base */,
			);
			name = Main.storyboard;
			sourceTree = "<group>";
		};
		5439A56620C34BDB00585E10 /* LaunchScreen.storyboard */ = {
			isa = PBXVariantGroup;
			children = (
				5439A56720C34BDB00585E10 /* Base */,
			);
			name = LaunchScreen.storyboard;
			sourceTree = "<group>";
		};
/* End PBXVariantGroup section */

/* Begin XCBuildConfiguration section */
		5439A56A20C34BDB00585E10 /* Debug */ = {
			isa = XCBuildConfiguration;
			buildSettings = {
				ALWAYS_SEARCH_USER_PATHS = NO;
				CLANG_ANALYZER_NONNULL = YES;
				CLANG_ANALYZER_NUMBER_OBJECT_CONVERSION = YES_AGGRESSIVE;
				CLANG_CXX_LANGUAGE_STANDARD = "gnu++14";
				CLANG_CXX_LIBRARY = "libc++";
				CLANG_ENABLE_MODULES = YES;
				CLANG_ENABLE_OBJC_ARC = YES;
				CLANG_ENABLE_OBJC_WEAK = YES;
				CLANG_WARN_BLOCK_CAPTURE_AUTORELEASING = YES;
				CLANG_WARN_BOOL_CONVERSION = YES;
				CLANG_WARN_COMMA = YES;
				CLANG_WARN_CONSTANT_CONVERSION = YES;
				CLANG_WARN_DEPRECATED_OBJC_IMPLEMENTATIONS = YES;
				CLANG_WARN_DIRECT_OBJC_ISA_USAGE = YES_ERROR;
				CLANG_WARN_DOCUMENTATION_COMMENTS = YES;
				CLANG_WARN_EMPTY_BODY = YES;
				CLANG_WARN_ENUM_CONVERSION = YES;
				CLANG_WARN_INFINITE_RECURSION = YES;
				CLANG_WARN_INT_CONVERSION = YES;
				CLANG_WARN_NON_LITERAL_NULL_CONVERSION = YES;
				CLANG_WARN_OBJC_IMPLICIT_RETAIN_SELF = YES;
				CLANG_WARN_OBJC_LITERAL_CONVERSION = YES;
				CLANG_WARN_OBJC_ROOT_CLASS = YES_ERROR;
				CLANG_WARN_RANGE_LOOP_ANALYSIS = YES;
				CLANG_WARN_STRICT_PROTOTYPES = YES;
				CLANG_WARN_SUSPICIOUS_MOVE = YES;
				CLANG_WARN_UNGUARDED_AVAILABILITY = YES_AGGRESSIVE;
				CLANG_WARN_UNREACHABLE_CODE = YES;
				CLANG_WARN__DUPLICATE_METHOD_MATCH = YES;
				CODE_SIGN_IDENTITY = "iPhone Developer";
				COPY_PHASE_STRIP = NO;
				DEBUG_INFORMATION_FORMAT = dwarf;
				ENABLE_STRICT_OBJC_MSGSEND = YES;
				ENABLE_TESTABILITY = YES;
				GCC_C_LANGUAGE_STANDARD = gnu11;
				GCC_DYNAMIC_NO_PIC = NO;
				GCC_NO_COMMON_BLOCKS = YES;
				GCC_OPTIMIZATION_LEVEL = 0;
				GCC_PREPROCESSOR_DEFINITIONS = (
					"DEBUG=1",
					"$(inherited)",
				);
				GCC_WARN_64_TO_32_BIT_CONVERSION = YES;
				GCC_WARN_ABOUT_RETURN_TYPE = YES_ERROR;
				GCC_WARN_UNDECLARED_SELECTOR = YES;
				GCC_WARN_UNINITIALIZED_AUTOS = YES_AGGRESSIVE;
				GCC_WARN_UNUSED_FUNCTION = YES;
				GCC_WARN_UNUSED_VARIABLE = YES;
				IPHONEOS_DEPLOYMENT_TARGET = 11.4;
				MTL_ENABLE_DEBUG_INFO = YES;
				ONLY_ACTIVE_ARCH = YES;
				SDKROOT = iphoneos;
				SWIFT_ACTIVE_COMPILATION_CONDITIONS = DEBUG;
				SWIFT_OPTIMIZATION_LEVEL = "-Onone";
			};
			name = Debug;
		};
		5439A56B20C34BDB00585E10 /* Release */ = {
			isa = XCBuildConfiguration;
			buildSettings = {
				ALWAYS_SEARCH_USER_PATHS = NO;
				CLANG_ANALYZER_NONNULL = YES;
				CLANG_ANALYZER_NUMBER_OBJECT_CONVERSION = YES_AGGRESSIVE;
				CLANG_CXX_LANGUAGE_STANDARD = "gnu++14";
				CLANG_CXX_LIBRARY = "libc++";
				CLANG_ENABLE_MODULES = YES;
				CLANG_ENABLE_OBJC_ARC = YES;
				CLANG_ENABLE_OBJC_WEAK = YES;
				CLANG_WARN_BLOCK_CAPTURE_AUTORELEASING = YES;
				CLANG_WARN_BOOL_CONVERSION = YES;
				CLANG_WARN_COMMA = YES;
				CLANG_WARN_CONSTANT_CONVERSION = YES;
				CLANG_WARN_DEPRECATED_OBJC_IMPLEMENTATIONS = YES;
				CLANG_WARN_DIRECT_OBJC_ISA_USAGE = YES_ERROR;
				CLANG_WARN_DOCUMENTATION_COMMENTS = YES;
				CLANG_WARN_EMPTY_BODY = YES;
				CLANG_WARN_ENUM_CONVERSION = YES;
				CLANG_WARN_INFINITE_RECURSION = YES;
				CLANG_WARN_INT_CONVERSION = YES;
				CLANG_WARN_NON_LITERAL_NULL_CONVERSION = YES;
				CLANG_WARN_OBJC_IMPLICIT_RETAIN_SELF = YES;
				CLANG_WARN_OBJC_LITERAL_CONVERSION = YES;
				CLANG_WARN_OBJC_ROOT_CLASS = YES_ERROR;
				CLANG_WARN_RANGE_LOOP_ANALYSIS = YES;
				CLANG_WARN_STRICT_PROTOTYPES = YES;
				CLANG_WARN_SUSPICIOUS_MOVE = YES;
				CLANG_WARN_UNGUARDED_AVAILABILITY = YES_AGGRESSIVE;
				CLANG_WARN_UNREACHABLE_CODE = YES;
				CLANG_WARN__DUPLICATE_METHOD_MATCH = YES;
				CODE_SIGN_IDENTITY = "iPhone Developer";
				COPY_PHASE_STRIP = NO;
				DEBUG_INFORMATION_FORMAT = "dwarf-with-dsym";
				ENABLE_NS_ASSERTIONS = NO;
				ENABLE_STRICT_OBJC_MSGSEND = YES;
				GCC_C_LANGUAGE_STANDARD = gnu11;
				GCC_NO_COMMON_BLOCKS = YES;
				GCC_WARN_64_TO_32_BIT_CONVERSION = YES;
				GCC_WARN_ABOUT_RETURN_TYPE = YES_ERROR;
				GCC_WARN_UNDECLARED_SELECTOR = YES;
				GCC_WARN_UNINITIALIZED_AUTOS = YES_AGGRESSIVE;
				GCC_WARN_UNUSED_FUNCTION = YES;
				GCC_WARN_UNUSED_VARIABLE = YES;
				IPHONEOS_DEPLOYMENT_TARGET = 11.4;
				MTL_ENABLE_DEBUG_INFO = NO;
				SDKROOT = iphoneos;
				SWIFT_COMPILATION_MODE = wholemodule;
				SWIFT_OPTIMIZATION_LEVEL = "-O";
				VALIDATE_PRODUCT = YES;
			};
			name = Release;
		};
		5439A56D20C34BDB00585E10 /* Debug */ = {
			isa = XCBuildConfiguration;
			buildSettings = {
				ASSETCATALOG_COMPILER_APPICON_NAME = AppIcon;
				CODE_SIGN_STYLE = Automatic;
				DEVELOPMENT_TEAM = D6JY74NZD4;
				INFOPLIST_FILE = PenPal/Info.plist;
				LD_RUNPATH_SEARCH_PATHS = (
					"$(inherited)",
					"@executable_path/Frameworks",
				);
				PRODUCT_BUNDLE_IDENTIFIER = "hu-is-this.PenPal";
				PRODUCT_NAME = "$(TARGET_NAME)";
				SWIFT_VERSION = 4.0;
				TARGETED_DEVICE_FAMILY = "1,2";
			};
			name = Debug;
		};
		5439A56E20C34BDB00585E10 /* Release */ = {
			isa = XCBuildConfiguration;
			buildSettings = {
				ASSETCATALOG_COMPILER_APPICON_NAME = AppIcon;
				CODE_SIGN_STYLE = Automatic;
				DEVELOPMENT_TEAM = D6JY74NZD4;
				INFOPLIST_FILE = PenPal/Info.plist;
				LD_RUNPATH_SEARCH_PATHS = (
					"$(inherited)",
					"@executable_path/Frameworks",
				);
				PRODUCT_BUNDLE_IDENTIFIER = "hu-is-this.PenPal";
				PRODUCT_NAME = "$(TARGET_NAME)";
				SWIFT_VERSION = 4.0;
				TARGETED_DEVICE_FAMILY = "1,2";
			};
			name = Release;
		};
/* End XCBuildConfiguration section */

/* Begin XCConfigurationList section */
		5439A55220C34BDA00585E10 /* Build configuration list for PBXProject "PenPal" */ = {
			isa = XCConfigurationList;
			buildConfigurations = (
				5439A56A20C34BDB00585E10 /* Debug */,
				5439A56B20C34BDB00585E10 /* Release */,
			);
			defaultConfigurationIsVisible = 0;
			defaultConfigurationName = Release;
		};
		5439A56C20C34BDB00585E10 /* Build configuration list for PBXNativeTarget "PenPal" */ = {
			isa = XCConfigurationList;
			buildConfigurations = (
				5439A56D20C34BDB00585E10 /* Debug */,
				5439A56E20C34BDB00585E10 /* Release */,
			);
			defaultConfigurationIsVisible = 0;
			defaultConfigurationName = Release;
		};
/* End XCConfigurationList section */

/* Begin XCVersionGroup section */
		5439A56120C34BDA00585E10 /* PenPal.xcdatamodeld */ = {
			isa = XCVersionGroup;
			children = (
				5439A56220C34BDA00585E10 /* PenPal.xcdatamodel */,
			);
			currentVersion = 5439A56220C34BDA00585E10 /* PenPal.xcdatamodel */;
			path = PenPal.xcdatamodeld;
			sourceTree = "<group>";
			versionGroupType = wrapper.xcdatamodel;
		};
/* End XCVersionGroup section */
	};
	rootObject = 5439A54F20C34BDA00585E10 /* Project object */;
}
